// !$*UTF8*$!
{
	archiveVersion = 1;
	classes = {
	};
	objectVersion = 46;
	objects = {

/* Begin PBXBuildFile section */
		1DA09BA11BF4B59900E4F431 /* AppDelegate.swift in Sources */ = {isa = PBXBuildFile; fileRef = 1DA09BA01BF4B59900E4F431 /* AppDelegate.swift */; };
		1DA09BA31BF4B59900E4F431 /* ViewController.swift in Sources */ = {isa = PBXBuildFile; fileRef = 1DA09BA21BF4B59900E4F431 /* ViewController.swift */; };
		1DA09BA61BF4B59900E4F431 /* Main.storyboard in Resources */ = {isa = PBXBuildFile; fileRef = 1DA09BA41BF4B59900E4F431 /* Main.storyboard */; };
		1DA09BA81BF4B59900E4F431 /* Assets.xcassets in Resources */ = {isa = PBXBuildFile; fileRef = 1DA09BA71BF4B59900E4F431 /* Assets.xcassets */; };
		1DA09BAB1BF4B59900E4F431 /* LaunchScreen.storyboard in Resources */ = {isa = PBXBuildFile; fileRef = 1DA09BA91BF4B59900E4F431 /* LaunchScreen.storyboard */; };
		1DA09BB61BF4B59900E4F431 /* Dress_MeTests.swift in Sources */ = {isa = PBXBuildFile; fileRef = 1DA09BB51BF4B59900E4F431 /* Dress_MeTests.swift */; };
		1DA09BC11BF4B59900E4F431 /* Dress_MeUITests.swift in Sources */ = {isa = PBXBuildFile; fileRef = 1DA09BC01BF4B59900E4F431 /* Dress_MeUITests.swift */; };
		1DA09BCF1BF4B5B200E4F431 /* DressMeModel.swift in Sources */ = {isa = PBXBuildFile; fileRef = 1DA09BCE1BF4B5B200E4F431 /* DressMeModel.swift */; };
		1DA09BD01BF4B5B200E4F431 /* DressMeModel.swift in Sources */ = {isa = PBXBuildFile; fileRef = 1DA09BCE1BF4B5B200E4F431 /* DressMeModel.swift */; };
		1DA09BD11BF4B5B200E4F431 /* DressMeModel.swift in Sources */ = {isa = PBXBuildFile; fileRef = 1DA09BCE1BF4B5B200E4F431 /* DressMeModel.swift */; };
		1DA09BD31BF4D24E00E4F431 /* CoreLocation.framework in Frameworks */ = {isa = PBXBuildFile; fileRef = 1DA09BD21BF4D24E00E4F431 /* CoreLocation.framework */; };
/* End PBXBuildFile section */

/* Begin PBXContainerItemProxy section */
		1DA09BB21BF4B59900E4F431 /* PBXContainerItemProxy */ = {
			isa = PBXContainerItemProxy;
			containerPortal = 1DA09B951BF4B59900E4F431 /* Project object */;
			proxyType = 1;
			remoteGlobalIDString = 1DA09B9C1BF4B59900E4F431;
			remoteInfo = "Dress Me";
		};
		1DA09BBD1BF4B59900E4F431 /* PBXContainerItemProxy */ = {
			isa = PBXContainerItemProxy;
			containerPortal = 1DA09B951BF4B59900E4F431 /* Project object */;
			proxyType = 1;
			remoteGlobalIDString = 1DA09B9C1BF4B59900E4F431;
			remoteInfo = "Dress Me";
		};
/* End PBXContainerItemProxy section */

/* Begin PBXFileReference section */
		1DA09B9D1BF4B59900E4F431 /* Dress Me.app */ = {isa = PBXFileReference; explicitFileType = wrapper.application; includeInIndex = 0; path = "Dress Me.app"; sourceTree = BUILT_PRODUCTS_DIR; };
		1DA09BA01BF4B59900E4F431 /* AppDelegate.swift */ = {isa = PBXFileReference; lastKnownFileType = sourcecode.swift; path = AppDelegate.swift; sourceTree = "<group>"; };
		1DA09BA21BF4B59900E4F431 /* ViewController.swift */ = {isa = PBXFileReference; lastKnownFileType = sourcecode.swift; path = ViewController.swift; sourceTree = "<group>"; };
		1DA09BA51BF4B59900E4F431 /* Base */ = {isa = PBXFileReference; lastKnownFileType = file.storyboard; name = Base; path = Base.lproj/Main.storyboard; sourceTree = "<group>"; };
		1DA09BA71BF4B59900E4F431 /* Assets.xcassets */ = {isa = PBXFileReference; lastKnownFileType = folder.assetcatalog; path = Assets.xcassets; sourceTree = "<group>"; };
		1DA09BAA1BF4B59900E4F431 /* Base */ = {isa = PBXFileReference; lastKnownFileType = file.storyboard; name = Base; path = Base.lproj/LaunchScreen.storyboard; sourceTree = "<group>"; };
		1DA09BAC1BF4B59900E4F431 /* Info.plist */ = {isa = PBXFileReference; lastKnownFileType = text.plist.xml; path = Info.plist; sourceTree = "<group>"; };
		1DA09BB11BF4B59900E4F431 /* Dress MeTests.xctest */ = {isa = PBXFileReference; explicitFileType = wrapper.cfbundle; includeInIndex = 0; path = "Dress MeTests.xctest"; sourceTree = BUILT_PRODUCTS_DIR; };
		1DA09BB51BF4B59900E4F431 /* Dress_MeTests.swift */ = {isa = PBXFileReference; lastKnownFileType = sourcecode.swift; path = Dress_MeTests.swift; sourceTree = "<group>"; };
		1DA09BB71BF4B59900E4F431 /* Info.plist */ = {isa = PBXFileReference; lastKnownFileType = text.plist.xml; path = Info.plist; sourceTree = "<group>"; };
		1DA09BBC1BF4B59900E4F431 /* Dress MeUITests.xctest */ = {isa = PBXFileReference; explicitFileType = wrapper.cfbundle; includeInIndex = 0; path = "Dress MeUITests.xctest"; sourceTree = BUILT_PRODUCTS_DIR; };
		1DA09BC01BF4B59900E4F431 /* Dress_MeUITests.swift */ = {isa = PBXFileReference; lastKnownFileType = sourcecode.swift; path = Dress_MeUITests.swift; sourceTree = "<group>"; };
		1DA09BC21BF4B59900E4F431 /* Info.plist */ = {isa = PBXFileReference; lastKnownFileType = text.plist.xml; path = Info.plist; sourceTree = "<group>"; };
		1DA09BCE1BF4B5B200E4F431 /* DressMeModel.swift */ = {isa = PBXFileReference; fileEncoding = 4; lastKnownFileType = sourcecode.swift; path = DressMeModel.swift; sourceTree = "<group>"; };
		1DA09BD21BF4D24E00E4F431 /* CoreLocation.framework */ = {isa = PBXFileReference; lastKnownFileType = wrapper.framework; name = CoreLocation.framework; path = System/Library/Frameworks/CoreLocation.framework; sourceTree = SDKROOT; };
/* End PBXFileReference section */

/* Begin PBXFrameworksBuildPhase section */
		1DA09B9A1BF4B59900E4F431 /* Frameworks */ = {
			isa = PBXFrameworksBuildPhase;
			buildActionMask = 2147483647;
			files = (
				1DA09BD31BF4D24E00E4F431 /* CoreLocation.framework in Frameworks */,
			);
			runOnlyForDeploymentPostprocessing = 0;
		};
		1DA09BAE1BF4B59900E4F431 /* Frameworks */ = {
			isa = PBXFrameworksBuildPhase;
			buildActionMask = 2147483647;
			files = (
			);
			runOnlyForDeploymentPostprocessing = 0;
		};
		1DA09BB91BF4B59900E4F431 /* Frameworks */ = {
			isa = PBXFrameworksBuildPhase;
			buildActionMask = 2147483647;
			files = (
			);
			runOnlyForDeploymentPostprocessing = 0;
		};
/* End PBXFrameworksBuildPhase section */

/* Begin PBXGroup section */
		1DA09B941BF4B59900E4F431 = {
			isa = PBXGroup;
			children = (
				1DA09BD21BF4D24E00E4F431 /* CoreLocation.framework */,
				1DA09BCE1BF4B5B200E4F431 /* DressMeModel.swift */,
				1DA09B9F1BF4B59900E4F431 /* Dress Me */,
				1DA09BB41BF4B59900E4F431 /* Dress MeTests */,
				1DA09BBF1BF4B59900E4F431 /* Dress MeUITests */,
				1DA09B9E1BF4B59900E4F431 /* Products */,
			);
			sourceTree = "<group>";
		};
		1DA09B9E1BF4B59900E4F431 /* Products */ = {
			isa = PBXGroup;
			children = (
				1DA09B9D1BF4B59900E4F431 /* Dress Me.app */,
				1DA09BB11BF4B59900E4F431 /* Dress MeTests.xctest */,
				1DA09BBC1BF4B59900E4F431 /* Dress MeUITests.xctest */,
			);
			name = Products;
			sourceTree = "<group>";
		};
		1DA09B9F1BF4B59900E4F431 /* Dress Me */ = {
			isa = PBXGroup;
			children = (
				1DA09BA01BF4B59900E4F431 /* AppDelegate.swift */,
				1DA09BA21BF4B59900E4F431 /* ViewController.swift */,
				1DA09BA41BF4B59900E4F431 /* Main.storyboard */,
				1DA09BA71BF4B59900E4F431 /* Assets.xcassets */,
				1DA09BA91BF4B59900E4F431 /* LaunchScreen.storyboard */,
				1DA09BAC1BF4B59900E4F431 /* Info.plist */,
			);
			path = "Dress Me";
			sourceTree = "<group>";
		};
		1DA09BB41BF4B59900E4F431 /* Dress MeTests */ = {
			isa = PBXGroup;
			children = (
				1DA09BB51BF4B59900E4F431 /* Dress_MeTests.swift */,
				1DA09BB71BF4B59900E4F431 /* Info.plist */,
			);
			path = "Dress MeTests";
			sourceTree = "<group>";
		};
		1DA09BBF1BF4B59900E4F431 /* Dress MeUITests */ = {
			isa = PBXGroup;
			children = (
				1DA09BC01BF4B59900E4F431 /* Dress_MeUITests.swift */,
				1DA09BC21BF4B59900E4F431 /* Info.plist */,
			);
			path = "Dress MeUITests";
			sourceTree = "<group>";
		};
/* End PBXGroup section */

/* Begin PBXNativeTarget section */
		1DA09B9C1BF4B59900E4F431 /* Dress Me */ = {
			isa = PBXNativeTarget;
			buildConfigurationList = 1DA09BC51BF4B59900E4F431 /* Build configuration list for PBXNativeTarget "Dress Me" */;
			buildPhases = (
				1DA09B991BF4B59900E4F431 /* Sources */,
				1DA09B9A1BF4B59900E4F431 /* Frameworks */,
				1DA09B9B1BF4B59900E4F431 /* Resources */,
			);
			buildRules = (
			);
			dependencies = (
			);
			name = "Dress Me";
			productName = "Dress Me";
			productReference = 1DA09B9D1BF4B59900E4F431 /* Dress Me.app */;
			productType = "com.apple.product-type.application";
		};
		1DA09BB01BF4B59900E4F431 /* Dress MeTests */ = {
			isa = PBXNativeTarget;
			buildConfigurationList = 1DA09BC81BF4B59900E4F431 /* Build configuration list for PBXNativeTarget "Dress MeTests" */;
			buildPhases = (
				1DA09BAD1BF4B59900E4F431 /* Sources */,
				1DA09BAE1BF4B59900E4F431 /* Frameworks */,
				1DA09BAF1BF4B59900E4F431 /* Resources */,
			);
			buildRules = (
			);
			dependencies = (
				1DA09BB31BF4B59900E4F431 /* PBXTargetDependency */,
			);
			name = "Dress MeTests";
			productName = "Dress MeTests";
			productReference = 1DA09BB11BF4B59900E4F431 /* Dress MeTests.xctest */;
			productType = "com.apple.product-type.bundle.unit-test";
		};
		1DA09BBB1BF4B59900E4F431 /* Dress MeUITests */ = {
			isa = PBXNativeTarget;
			buildConfigurationList = 1DA09BCB1BF4B59900E4F431 /* Build configuration list for PBXNativeTarget "Dress MeUITests" */;
			buildPhases = (
				1DA09BB81BF4B59900E4F431 /* Sources */,
				1DA09BB91BF4B59900E4F431 /* Frameworks */,
				1DA09BBA1BF4B59900E4F431 /* Resources */,
			);
			buildRules = (
			);
			dependencies = (
				1DA09BBE1BF4B59900E4F431 /* PBXTargetDependency */,
			);
			name = "Dress MeUITests";
			productName = "Dress MeUITests";
			productReference = 1DA09BBC1BF4B59900E4F431 /* Dress MeUITests.xctest */;
			productType = "com.apple.product-type.bundle.ui-testing";
		};
/* End PBXNativeTarget section */

/* Begin PBXProject section */
		1DA09B951BF4B59900E4F431 /* Project object */ = {
			isa = PBXProject;
			attributes = {
				LastSwiftUpdateCheck = 0710;
				LastUpgradeCheck = 0710;
				ORGANIZATIONNAME = "Parth Mishra";
				TargetAttributes = {
					1DA09B9C1BF4B59900E4F431 = {
						CreatedOnToolsVersion = 7.1.1;
					};
					1DA09BB01BF4B59900E4F431 = {
						CreatedOnToolsVersion = 7.1.1;
						TestTargetID = 1DA09B9C1BF4B59900E4F431;
					};
					1DA09BBB1BF4B59900E4F431 = {
						CreatedOnToolsVersion = 7.1.1;
						TestTargetID = 1DA09B9C1BF4B59900E4F431;
					};
				};
			};
			buildConfigurationList = 1DA09B981BF4B59900E4F431 /* Build configuration list for PBXProject "Dress Me" */;
			compatibilityVersion = "Xcode 3.2";
			developmentRegion = English;
			hasScannedForEncodings = 0;
			knownRegions = (
				en,
				Base,
			);
			mainGroup = 1DA09B941BF4B59900E4F431;
			productRefGroup = 1DA09B9E1BF4B59900E4F431 /* Products */;
			projectDirPath = "";
			projectRoot = "";
			targets = (
				1DA09B9C1BF4B59900E4F431 /* Dress Me */,
				1DA09BB01BF4B59900E4F431 /* Dress MeTests */,
				1DA09BBB1BF4B59900E4F431 /* Dress MeUITests */,
			);
		};
/* End PBXProject section */

/* Begin PBXResourcesBuildPhase section */
		1DA09B9B1BF4B59900E4F431 /* Resources */ = {
			isa = PBXResourcesBuildPhase;
			buildActionMask = 2147483647;
			files = (
				1DA09BAB1BF4B59900E4F431 /* LaunchScreen.storyboard in Resources */,
				1DA09BA81BF4B59900E4F431 /* Assets.xcassets in Resources */,
				1DA09BA61BF4B59900E4F431 /* Main.storyboard in Resources */,
			);
			runOnlyForDeploymentPostprocessing = 0;
		};
		1DA09BAF1BF4B59900E4F431 /* Resources */ = {
			isa = PBXResourcesBuildPhase;
			buildActionMask = 2147483647;
			files = (
			);
			runOnlyForDeploymentPostprocessing = 0;
		};
		1DA09BBA1BF4B59900E4F431 /* Resources */ = {
			isa = PBXResourcesBuildPhase;
			buildActionMask = 2147483647;
			files = (
			);
			runOnlyForDeploymentPostprocessing = 0;
		};
/* End PBXResourcesBuildPhase section */

/* Begin PBXSourcesBuildPhase section */
		1DA09B991BF4B59900E4F431 /* Sources */ = {
			isa = PBXSourcesBuildPhase;
			buildActionMask = 2147483647;
			files = (
				1DA09BA31BF4B59900E4F431 /* ViewController.swift in Sources */,
				1DA09BCF1BF4B5B200E4F431 /* DressMeModel.swift in Sources */,
				1DA09BA11BF4B59900E4F431 /* AppDelegate.swift in Sources */,
			);
			runOnlyForDeploymentPostprocessing = 0;
		};
		1DA09BAD1BF4B59900E4F431 /* Sources */ = {
			isa = PBXSourcesBuildPhase;
			buildActionMask = 2147483647;
			files = (
				1DA09BB61BF4B59900E4F431 /* Dress_MeTests.swift in Sources */,
				1DA09BD01BF4B5B200E4F431 /* DressMeModel.swift in Sources */,
			);
			runOnlyForDeploymentPostprocessing = 0;
		};
		1DA09BB81BF4B59900E4F431 /* Sources */ = {
			isa = PBXSourcesBuildPhase;
			buildActionMask = 2147483647;
			files = (
				1DA09BC11BF4B59900E4F431 /* Dress_MeUITests.swift in Sources */,
				1DA09BD11BF4B5B200E4F431 /* DressMeModel.swift in Sources */,
			);
			runOnlyForDeploymentPostprocessing = 0;
		};
/* End PBXSourcesBuildPhase section */

/* Begin PBXTargetDependency section */
		1DA09BB31BF4B59900E4F431 /* PBXTargetDependency */ = {
			isa = PBXTargetDependency;
			target = 1DA09B9C1BF4B59900E4F431 /* Dress Me */;
			targetProxy = 1DA09BB21BF4B59900E4F431 /* PBXContainerItemProxy */;
		};
		1DA09BBE1BF4B59900E4F431 /* PBXTargetDependency */ = {
			isa = PBXTargetDependency;
			target = 1DA09B9C1BF4B59900E4F431 /* Dress Me */;
			targetProxy = 1DA09BBD1BF4B59900E4F431 /* PBXContainerItemProxy */;
		};
/* End PBXTargetDependency section */

/* Begin PBXVariantGroup section */
		1DA09BA41BF4B59900E4F431 /* Main.storyboard */ = {
			isa = PBXVariantGroup;
			children = (
				1DA09BA51BF4B59900E4F431 /* Base */,
			);
			name = Main.storyboard;
			sourceTree = "<group>";
		};
		1DA09BA91BF4B59900E4F431 /* LaunchScreen.storyboard */ = {
			isa = PBXVariantGroup;
			children = (
				1DA09BAA1BF4B59900E4F431 /* Base */,
			);
			name = LaunchScreen.storyboard;
			sourceTree = "<group>";
		};
/* End PBXVariantGroup section */

/* Begin XCBuildConfiguration section */
		1DA09BC31BF4B59900E4F431 /* Debug */ = {
			isa = XCBuildConfiguration;
			buildSettings = {
				ALWAYS_SEARCH_USER_PATHS = NO;
				CLANG_CXX_LANGUAGE_STANDARD = "gnu++0x";
				CLANG_CXX_LIBRARY = "libc++";
				CLANG_ENABLE_MODULES = YES;
				CLANG_ENABLE_OBJC_ARC = YES;
				CLANG_WARN_BOOL_CONVERSION = YES;
				CLANG_WARN_CONSTANT_CONVERSION = YES;
				CLANG_WARN_DIRECT_OBJC_ISA_USAGE = YES_ERROR;
				CLANG_WARN_EMPTY_BODY = YES;
				CLANG_WARN_ENUM_CONVERSION = YES;
				CLANG_WARN_INT_CONVERSION = YES;
				CLANG_WARN_OBJC_ROOT_CLASS = YES_ERROR;
				CLANG_WARN_UNREACHABLE_CODE = YES;
				CLANG_WARN__DUPLICATE_METHOD_MATCH = YES;
				"CODE_SIGN_IDENTITY[sdk=iphoneos*]" = "iPhone Developer";
				COPY_PHASE_STRIP = NO;
				DEBUG_INFORMATION_FORMAT = dwarf;
				ENABLE_STRICT_OBJC_MSGSEND = YES;
				ENABLE_TESTABILITY = YES;
				GCC_C_LANGUAGE_STANDARD = gnu99;
				GCC_DYNAMIC_NO_PIC = NO;
				GCC_NO_COMMON_BLOCKS = YES;
				GCC_OPTIMIZATION_LEVEL = 0;
				GCC_PREPROCESSOR_DEFINITIONS = (
					"DEBUG=1",
					"$(inherited)",
				);
				GCC_WARN_64_TO_32_BIT_CONVERSION = YES;
				GCC_WARN_ABOUT_RETURN_TYPE = YES_ERROR;
				GCC_WARN_UNDECLARED_SELECTOR = YES;
				GCC_WARN_UNINITIALIZED_AUTOS = YES_AGGRESSIVE;
				GCC_WARN_UNUSED_FUNCTION = YES;
				GCC_WARN_UNUSED_VARIABLE = YES;
				IPHONEOS_DEPLOYMENT_TARGET = 9.1;
				MTL_ENABLE_DEBUG_INFO = YES;
				ONLY_ACTIVE_ARCH = YES;
				SDKROOT = iphoneos;
				SWIFT_OPTIMIZATION_LEVEL = "-Onone";
			};
			name = Debug;
		};
		1DA09BC41BF4B59900E4F431 /* Release */ = {
			isa = XCBuildConfiguration;
			buildSettings = {
				ALWAYS_SEARCH_USER_PATHS = NO;
				CLANG_CXX_LANGUAGE_STANDARD = "gnu++0x";
				CLANG_CXX_LIBRARY = "libc++";
				CLANG_ENABLE_MODULES = YES;
				CLANG_ENABLE_OBJC_ARC = YES;
				CLANG_WARN_BOOL_CONVERSION = YES;
				CLANG_WARN_CONSTANT_CONVERSION = YES;
				CLANG_WARN_DIRECT_OBJC_ISA_USAGE = YES_ERROR;
				CLANG_WARN_EMPTY_BODY = YES;
				CLANG_WARN_ENUM_CONVERSION = YES;
				CLANG_WARN_INT_CONVERSION = YES;
				CLANG_WARN_OBJC_ROOT_CLASS = YES_ERROR;
				CLANG_WARN_UNREACHABLE_CODE = YES;
				CLANG_WARN__DUPLICATE_METHOD_MATCH = YES;
				"CODE_SIGN_IDENTITY[sdk=iphoneos*]" = "iPhone Developer";
				COPY_PHASE_STRIP = NO;
				DEBUG_INFORMATION_FORMAT = "dwarf-with-dsym";
				ENABLE_NS_ASSERTIONS = NO;
				ENABLE_STRICT_OBJC_MSGSEND = YES;
				GCC_C_LANGUAGE_STANDARD = gnu99;
				GCC_NO_COMMON_BLOCKS = YES;
				GCC_WARN_64_TO_32_BIT_CONVERSION = YES;
				GCC_WARN_ABOUT_RETURN_TYPE = YES_ERROR;
				GCC_WARN_UNDECLARED_SELECTOR = YES;
				GCC_WARN_UNINITIALIZED_AUTOS = YES_AGGRESSIVE;
				GCC_WARN_UNUSED_FUNCTION = YES;
				GCC_WARN_UNUSED_VARIABLE = YES;
				IPHONEOS_DEPLOYMENT_TARGET = 9.1;
				MTL_ENABLE_DEBUG_INFO = NO;
				SDKROOT = iphoneos;
				VALIDATE_PRODUCT = YES;
			};
			name = Release;
		};
		1DA09BC61BF4B59900E4F431 /* Debug */ = {
			isa = XCBuildConfiguration;
			buildSettings = {
				ASSETCATALOG_COMPILER_APPICON_NAME = AppIcon;
				INFOPLIST_FILE = "Dress Me/Info.plist";
				LD_RUNPATH_SEARCH_PATHS = "$(inherited) @executable_path/Frameworks";
				PRODUCT_BUNDLE_IDENTIFIER = "com.parthmishra.Dress-Me";
				PRODUCT_NAME = "$(TARGET_NAME)";
			};
			name = Debug;
		};
		1DA09BC71BF4B59900E4F431 /* Release */ = {
			isa = XCBuildConfiguration;
			buildSettings = {
				ASSETCATALOG_COMPILER_APPICON_NAME = AppIcon;
				INFOPLIST_FILE = "Dress Me/Info.plist";
				LD_RUNPATH_SEARCH_PATHS = "$(inherited) @executable_path/Frameworks";
				PRODUCT_BUNDLE_IDENTIFIER = "com.parthmishra.Dress-Me";
				PRODUCT_NAME = "$(TARGET_NAME)";
			};
			name = Release;
		};
		1DA09BC91BF4B59900E4F431 /* Debug */ = {
			isa = XCBuildConfiguration;
			buildSettings = {
				BUNDLE_LOADER = "$(TEST_HOST)";
				INFOPLIST_FILE = "Dress MeTests/Info.plist";
				LD_RUNPATH_SEARCH_PATHS = "$(inherited) @executable_path/Frameworks @loader_path/Frameworks";
				PRODUCT_BUNDLE_IDENTIFIER = "com.parthmishra.Dress-MeTests";
				PRODUCT_NAME = "$(TARGET_NAME)";
				TEST_HOST = "$(BUILT_PRODUCTS_DIR)/Dress Me.app/Dress Me";
			};
			name = Debug;
		};
		1DA09BCA1BF4B59900E4F431 /* Release */ = {
			isa = XCBuildConfiguration;
			buildSettings = {
				BUNDLE_LOADER = "$(TEST_HOST)";
				INFOPLIST_FILE = "Dress MeTests/Info.plist";
				LD_RUNPATH_SEARCH_PATHS = "$(inherited) @executable_path/Frameworks @loader_path/Frameworks";
				PRODUCT_BUNDLE_IDENTIFIER = "com.parthmishra.Dress-MeTests";
				PRODUCT_NAME = "$(TARGET_NAME)";
				TEST_HOST = "$(BUILT_PRODUCTS_DIR)/Dress Me.app/Dress Me";
			};
			name = Release;
		};
		1DA09BCC1BF4B59900E4F431 /* Debug */ = {
			isa = XCBuildConfiguration;
			buildSettings = {
				INFOPLIST_FILE = "Dress MeUITests/Info.plist";
				LD_RUNPATH_SEARCH_PATHS = "$(inherited) @executable_path/Frameworks @loader_path/Frameworks";
				PRODUCT_BUNDLE_IDENTIFIER = "com.parthmishra.Dress-MeUITests";
				PRODUCT_NAME = "$(TARGET_NAME)";
				TEST_TARGET_NAME = "Dress Me";
				USES_XCTRUNNER = YES;
			};
			name = Debug;
		};
		1DA09BCD1BF4B59900E4F431 /* Release */ = {
			isa = XCBuildConfiguration;
			buildSettings = {
				INFOPLIST_FILE = "Dress MeUITests/Info.plist";
				LD_RUNPATH_SEARCH_PATHS = "$(inherited) @executable_path/Frameworks @loader_path/Frameworks";
				PRODUCT_BUNDLE_IDENTIFIER = "com.parthmishra.Dress-MeUITests";
				PRODUCT_NAME = "$(TARGET_NAME)";
				TEST_TARGET_NAME = "Dress Me";
				USES_XCTRUNNER = YES;
			};
			name = Release;
		};
/* End XCBuildConfiguration section */

/* Begin XCConfigurationList section */
		1DA09B981BF4B59900E4F431 /* Build configuration list for PBXProject "Dress Me" */ = {
			isa = XCConfigurationList;
			buildConfigurations = (
				1DA09BC31BF4B59900E4F431 /* Debug */,
				1DA09BC41BF4B59900E4F431 /* Release */,
			);
			defaultConfigurationIsVisible = 0;
			defaultConfigurationName = Release;
		};
		1DA09BC51BF4B59900E4F431 /* Build configuration list for PBXNativeTarget "Dress Me" */ = {
			isa = XCConfigurationList;
			buildConfigurations = (
				1DA09BC61BF4B59900E4F431 /* Debug */,
				1DA09BC71BF4B59900E4F431 /* Release */,
			);
			defaultConfigurationIsVisible = 0;
		};
		1DA09BC81BF4B59900E4F431 /* Build configuration list for PBXNativeTarget "Dress MeTests" */ = {
			isa = XCConfigurationList;
			buildConfigurations = (
				1DA09BC91BF4B59900E4F431 /* Debug */,
				1DA09BCA1BF4B59900E4F431 /* Release */,
			);
			defaultConfigurationIsVisible = 0;
		};
		1DA09BCB1BF4B59900E4F431 /* Build configuration list for PBXNativeTarget "Dress MeUITests" */ = {
			isa = XCConfigurationList;
			buildConfigurations = (
				1DA09BCC1BF4B59900E4F431 /* Debug */,
				1DA09BCD1BF4B59900E4F431 /* Release */,
			);
			defaultConfigurationIsVisible = 0;
		};
/* End XCConfigurationList section */
	};
	rootObject = 1DA09B951BF4B59900E4F431 /* Project object */;
}
